dependencies:
- name: appsuite-public-sector-base
  repository: file:///tmp/d20260813-67-40gaep/appsuite-public-sector-base-8.51.808/appsuite-public-sector-base
  version: 8.51.808
- name: nextcloud-integration-ui
  repository: file:///tmp/d20260813-67-40gaep/nextcloud-integration-ui-1.4.2/nextcloud-integration-ui
  version: 1.4.2
- name: owncloud-integration-ui
  repository: file:///tmp/d20260813-67-40gaep/owncloud-integration-ui-0.1.1/owncloud-integration-ui
  version: 0.1.1
- name: public-sector-ui
  repository: file:///tmp/d20260813-67-40gaep/public-sector-ui-2.6.2/public-sector-ui
  version: 2.6.2
digest: sha256:fdb29073288ddaef66243af0bcd9f10d3b22ca0b40677f8283a54c71a8a7eb53
generated: "2026-08-13T15:13:04.567765913Z"
