dependencies:
- name: appsuite-public-sector-base
  repository: file:///tmp/d20260603-67-etrld4/appsuite-public-sector-base
  version: 8.49.471
- name: nextcloud-integration-ui
  repository: file:///tmp/d20260603-67-etrld4/nextcloud-integration-ui
  version: 1.4.2
- name: public-sector-ui
  repository: file:///tmp/d20260603-67-etrld4/public-sector-ui
  version: 2.6.2
digest: sha256:6e89be3eb8958dcbe283b109a6836b7040653122ec12cfedff1851f40a2edc84
generated: "2026-06-03T11:24:07.63886705Z"
